
Microsoft Visual Studio Solution File, Format Version 12.00
# Visual Studio 15
Project("{FAE04EC0-301F-11D3-BF4B-00C04F79EFBC}") = "Constructors", "Constructors\Constructors.csproj", "{D05B8197-922F-47D7-8D87-64EC917A5324}"
EndProject
Global
	GlobalSection(SolutionConfigurationPlatforms) = preSolution
		Debug|Any CPU = Debug|Any CPU
		Release|Any CPU = Release|Any CPU
	EndGlobalSection
	GlobalSection(ProjectConfigurationPlatforms) = postSolution
		{D05B8197-922F-47D7-8D87-64EC917A5324}.Debug|Any CPU.ActiveCfg = Debug|Any CPU
		{D05B8197-922F-47D7-8D87-64EC917A5324}.Debug|Any CPU.Build.0 = Debug|Any CPU
		{D05B8197-922F-47D7-8D87-64EC917A5324}.Release|Any CPU.ActiveCfg = Release|Any CPU
		{D05B8197-922F-47D7-8D87-64EC917A5324}.Release|Any CPU.Build.0 = Release|Any CPU
	EndGlobalSection
EndGlobal
